
Microsoft Visual Studio Solution File, Format Version 12.00
# Visual Studio Version 16
VisualStudioVersion = 16.0.31005.135
MinimumVisualStudioVersion = 10.0.40219.1
Project("{9A19103F-16F7-4668-BE54-9A1E7A4F7556}") = "Mailer", "Mailer\Mailer.csproj", "{AF2C795B-0CA3-4626-B219-552F2E039BCB}"
EndProject
Project("{9A19103F-16F7-4668-BE54-9A1E7A4F7556}") = "MyControls", "MyControls\MyControls.csproj", "{1F2B91B8-CF7D-419D-96FA-BF045223D326}"
EndProject
Project("{9A19103F-16F7-4668-BE54-9A1E7A4F7556}") = "MailerUnitTester", "MailerUnitTester\MailerUnitTester.csproj", "{F9525BDC-D6B6-4793-95CE-39F65386AAB7}"
EndProject
Project("{2150E333-8FDC-42A3-9474-1A3956D46DE8}") = "Lesson5", "Lesson5", "{D427D4B7-760A-4974-9D73-7C45A590F131}"
EndProject
Project("{9A19103F-16F7-4668-BE54-9A1E7A4F7556}") = "Listing01", "Listing01\Listing01.csproj", "{BF9ADA1A-7AC4-47FF-862F-75AED7BC6F7A}"
EndProject
Project("{9A19103F-16F7-4668-BE54-9A1E7A4F7556}") = "Listing02", "Listing02\Listing02.csproj", "{6ECE1652-89B4-42E2-8DD6-EE1501F27B4F}"
EndProject
Project("{9A19103F-16F7-4668-BE54-9A1E7A4F7556}") = "Listing03", "Listing03\Listing03.csproj", "{066A00F8-93CD-4121-BCDF-6381DF9F63A9}"
EndProject
Project("{9A19103F-16F7-4668-BE54-9A1E7A4F7556}") = "Listing04", "Listing04\Listing04.csproj", "{5223FEAA-74DE-4D6D-A664-9425D1254075}"
EndProject
Project("{2150E333-8FDC-42A3-9474-1A3956D46DE8}") = "Lesson 6", "Lesson 6", "{53D337E2-A600-4733-AE31-6E7859C4A8E9}"
EndProject
Project("{FAE04EC0-301F-11D3-BF4B-00C04F79EFBC}") = "HW5_NF", "HW5_NF\HW5_NF.csproj", "{43A494E0-AC97-464C-8AE1-E4BC31D55EE3}"
EndProject
Project("{9A19103F-16F7-4668-BE54-9A1E7A4F7556}") = "HW5_NCore", "HW5_NCore\HW5_NCore.csproj", "{25539DE8-A713-4498-AB26-8C2AFDD712A1}"
EndProject
Project("{9A19103F-16F7-4668-BE54-9A1E7A4F7556}") = "Task_Sample", "Task_Sample\Task_Sample.csproj", "{EA3AD6FB-BB76-4976-B262-9463E6299873}"
EndProject
Project("{FAE04EC0-301F-11D3-BF4B-00C04F79EFBC}") = "AsyncWPF", "AsyncWPF\AsyncWPF.csproj", "{BA9D81CD-A210-488B-A64D-C5FC36406D4B}"
EndProject
Global
	GlobalSection(SolutionConfigurationPlatforms) = preSolution
		Debug|Any CPU = Debug|Any CPU
		Release|Any CPU = Release|Any CPU
	EndGlobalSection
	GlobalSection(ProjectConfigurationPlatforms) = postSolution
		{AF2C795B-0CA3-4626-B219-552F2E039BCB}.Debug|Any CPU.ActiveCfg = Debug|Any CPU
		{AF2C795B-0CA3-4626-B219-552F2E039BCB}.Debug|Any CPU.Build.0 = Debug|Any CPU
		{AF2C795B-0CA3-4626-B219-552F2E039BCB}.Release|Any CPU.ActiveCfg = Release|Any CPU
		{AF2C795B-0CA3-4626-B219-552F2E039BCB}.Release|Any CPU.Build.0 = Release|Any CPU
		{1F2B91B8-CF7D-419D-96FA-BF045223D326}.Debug|Any CPU.ActiveCfg = Debug|Any CPU
		{1F2B91B8-CF7D-419D-96FA-BF045223D326}.Debug|Any CPU.Build.0 = Debug|Any CPU
		{1F2B91B8-CF7D-419D-96FA-BF045223D326}.Release|Any CPU.ActiveCfg = Release|Any CPU
		{1F2B91B8-CF7D-419D-96FA-BF045223D326}.Release|Any CPU.Build.0 = Release|Any CPU
		{F9525BDC-D6B6-4793-95CE-39F65386AAB7}.Debug|Any CPU.ActiveCfg = Debug|Any CPU
		{F9525BDC-D6B6-4793-95CE-39F65386AAB7}.Debug|Any CPU.Build.0 = Debug|Any CPU
		{F9525BDC-D6B6-4793-95CE-39F65386AAB7}.Release|Any CPU.ActiveCfg = Release|Any CPU
		{F9525BDC-D6B6-4793-95CE-39F65386AAB7}.Release|Any CPU.Build.0 = Release|Any CPU
		{BF9ADA1A-7AC4-47FF-862F-75AED7BC6F7A}.Debug|Any CPU.ActiveCfg = Debug|Any CPU
		{BF9ADA1A-7AC4-47FF-862F-75AED7BC6F7A}.Debug|Any CPU.Build.0 = Debug|Any CPU
		{BF9ADA1A-7AC4-47FF-862F-75AED7BC6F7A}.Release|Any CPU.ActiveCfg = Release|Any CPU
		{BF9ADA1A-7AC4-47FF-862F-75AED7BC6F7A}.Release|Any CPU.Build.0 = Release|Any CPU
		{6ECE1652-89B4-42E2-8DD6-EE1501F27B4F}.Debug|Any CPU.ActiveCfg = Debug|Any CPU
		{6ECE1652-89B4-42E2-8DD6-EE1501F27B4F}.Debug|Any CPU.Build.0 = Debug|Any CPU
		{6ECE1652-89B4-42E2-8DD6-EE1501F27B4F}.Release|Any CPU.ActiveCfg = Release|Any CPU
		{6ECE1652-89B4-42E2-8DD6-EE1501F27B4F}.Release|Any CPU.Build.0 = Release|Any CPU
		{066A00F8-93CD-4121-BCDF-6381DF9F63A9}.Debug|Any CPU.ActiveCfg = Debug|Any CPU
		{066A00F8-93CD-4121-BCDF-6381DF9F63A9}.Debug|Any CPU.Build.0 = Debug|Any CPU
		{066A00F8-93CD-4121-BCDF-6381DF9F63A9}.Release|Any CPU.ActiveCfg = Release|Any CPU
		{066A00F8-93CD-4121-BCDF-6381DF9F63A9}.Release|Any CPU.Build.0 = Release|Any CPU
		{5223FEAA-74DE-4D6D-A664-9425D1254075}.Debug|Any CPU.ActiveCfg = Debug|Any CPU
		{5223FEAA-74DE-4D6D-A664-9425D1254075}.Debug|Any CPU.Build.0 = Debug|Any CPU
		{5223FEAA-74DE-4D6D-A664-9425D1254075}.Release|Any CPU.ActiveCfg = Release|Any CPU
		{5223FEAA-74DE-4D6D-A664-9425D1254075}.Release|Any CPU.Build.0 = Release|Any CPU
		{43A494E0-AC97-464C-8AE1-E4BC31D55EE3}.Debug|Any CPU.ActiveCfg = Debug|Any CPU
		{43A494E0-AC97-464C-8AE1-E4BC31D55EE3}.Debug|Any CPU.Build.0 = Debug|Any CPU
		{43A494E0-AC97-464C-8AE1-E4BC31D55EE3}.Release|Any CPU.ActiveCfg = Release|Any CPU
		{43A494E0-AC97-464C-8AE1-E4BC31D55EE3}.Release|Any CPU.Build.0 = Release|Any CPU
		{25539DE8-A713-4498-AB26-8C2AFDD712A1}.Debug|Any CPU.ActiveCfg = Debug|Any CPU
		{25539DE8-A713-4498-AB26-8C2AFDD712A1}.Debug|Any CPU.Build.0 = Debug|Any CPU
		{25539DE8-A713-4498-AB26-8C2AFDD712A1}.Release|Any CPU.ActiveCfg = Release|Any CPU
		{25539DE8-A713-4498-AB26-8C2AFDD712A1}.Release|Any CPU.Build.0 = Release|Any CPU
		{EA3AD6FB-BB76-4976-B262-9463E6299873}.Debug|Any CPU.ActiveCfg = Debug|Any CPU
		{EA3AD6FB-BB76-4976-B262-9463E6299873}.Debug|Any CPU.Build.0 = Debug|Any CPU
		{EA3AD6FB-BB76-4976-B262-9463E6299873}.Release|Any CPU.ActiveCfg = Release|Any CPU
		{EA3AD6FB-BB76-4976-B262-9463E6299873}.Release|Any CPU.Build.0 = Release|Any CPU
		{BA9D81CD-A210-488B-A64D-C5FC36406D4B}.Debug|Any CPU.ActiveCfg = Debug|Any CPU
		{BA9D81CD-A210-488B-A64D-C5FC36406D4B}.Debug|Any CPU.Build.0 = Debug|Any CPU
		{BA9D81CD-A210-488B-A64D-C5FC36406D4B}.Release|Any CPU.ActiveCfg = Release|Any CPU
		{BA9D81CD-A210-488B-A64D-C5FC36406D4B}.Release|Any CPU.Build.0 = Release|Any CPU
	EndGlobalSection
	GlobalSection(SolutionProperties) = preSolution
		HideSolutionNode = FALSE
	EndGlobalSection
	GlobalSection(NestedProjects) = preSolution
		{BF9ADA1A-7AC4-47FF-862F-75AED7BC6F7A} = {D427D4B7-760A-4974-9D73-7C45A590F131}
		{6ECE1652-89B4-42E2-8DD6-EE1501F27B4F} = {D427D4B7-760A-4974-9D73-7C45A590F131}
		{5223FEAA-74DE-4D6D-A664-9425D1254075} = {D427D4B7-760A-4974-9D73-7C45A590F131}
		{43A494E0-AC97-464C-8AE1-E4BC31D55EE3} = {53D337E2-A600-4733-AE31-6E7859C4A8E9}
		{25539DE8-A713-4498-AB26-8C2AFDD712A1} = {53D337E2-A600-4733-AE31-6E7859C4A8E9}
		{EA3AD6FB-BB76-4976-B262-9463E6299873} = {53D337E2-A600-4733-AE31-6E7859C4A8E9}
		{BA9D81CD-A210-488B-A64D-C5FC36406D4B} = {53D337E2-A600-4733-AE31-6E7859C4A8E9}
	EndGlobalSection
	GlobalSection(ExtensibilityGlobals) = postSolution
		SolutionGuid = {A4556D92-735C-4B1F-933A-C37A0EB0D189}
	EndGlobalSection
EndGlobal
